
Microsoft Visual Studio Solution File, Format Version 12.00
# Visual Studio Version 17
VisualStudioVersion = 17.8.34511.84
MinimumVisualStudioVersion = 10.0.40219.1
Project("{FAE04EC0-301F-11D3-BF4B-00C04F79EFBC}") = "Clean_Architect", "Clean Architect\Clean_Architect.csproj", "{1AB70748-F9D6-4710-BBF1-6459DF13C73B}"
EndProject
Global
	GlobalSection(SolutionConfigurationPlatforms) = preSolution
		Debug|Any CPU = Debug|Any CPU
		Release|Any CPU = Release|Any CPU
	EndGlobalSection
	GlobalSection(ProjectConfigurationPlatforms) = postSolution
		{1AB70748-F9D6-4710-BBF1-6459DF13C73B}.Debug|Any CPU.ActiveCfg = Debug|Any CPU
		{1AB70748-F9D6-4710-BBF1-6459DF13C73B}.Debug|Any CPU.Build.0 = Debug|Any CPU
		{1AB70748-F9D6-4710-BBF1-6459DF13C73B}.Release|Any CPU.ActiveCfg = Release|Any CPU
		{1AB70748-F9D6-4710-BBF1-6459DF13C73B}.Release|Any CPU.Build.0 = Release|Any CPU
	EndGlobalSection
	GlobalSection(SolutionProperties) = preSolution
		HideSolutionNode = FALSE
	EndGlobalSection
	GlobalSection(ExtensibilityGlobals) = postSolution
		SolutionGuid = {1B13B3D3-82AF-4F89-9524-C8DBBC207D6D}
	EndGlobalSection
EndGlobal
